{
  "lockfileVersion": 1,
  "workspaces": {
    "": {
      "name": "zhopao",
      "dependencies": {
        "dotenv": "^17.2.4",
        "gramio": "^0.4.13",
      },
      "devDependencies": {
        "@types/bun": "latest",
      },
      "peerDependencies": {
        "typescript": "^5.0.0",
      },
    },
  },
  "packages": {
    "@gramio/callback-data": ["@gramio/callback-data@0.0.3", "", {}, "sha512-fL+fo3c58dIE6cl2yEoG9E4Y+mT+zvpw7PXImcATFVdRcK4mnuDzzxyOOibopzjKNszlHQZXYJer515kBr81RQ=="],

    "@gramio/contexts": ["@gramio/contexts@0.3.1", "", { "peerDependencies": { "@gramio/types": "^9.3.0", "inspectable": "^3.0.1" } }, "sha512-ZyVaNqoDnBgoLqkkB8WqzorUa54uoJsbqrzeQhSHQXpNG5tI7N//m6WH/q3uGN5KAkiFrrSOcBQU2a+CNxGDqw=="],

    "@gramio/files": ["@gramio/files@0.3.0", "", { "dependencies": { "@gramio/types": "^9.0.0" } }, "sha512-ZdrwRm57xxWzQ+KxGB5V2aC6raZ9B0yZavkPhd0JzKFUkKS1jbeG3W35qQxdlZZLtD9aeZbjwRAHk4VrRDbpqA=="],

    "@gramio/format": ["@gramio/format@0.3.4", "", { "dependencies": { "@gramio/types": "^9.1.3" }, "peerDependencies": { "marked": "^15.0.11" }, "optionalPeers": ["marked"] }, "sha512-j5fUVG8cJ4Oi3Tdtxp1K5K34ED/Btkg4ctpFdLDIOHRvN9N8TUIw7MwqPRxNYBXTXawJ2YmPTkEahitbMSjZOA=="],

    "@gramio/keyboards": ["@gramio/keyboards@1.3.0", "", { "dependencies": { "@gramio/types": "^9.3.1" } }, "sha512-bIt2gJPRawDM5AjFW4oEvxUls1cp2d6gOrfmGtLrkBvNjR5QqsLmKmItXAh2uFDEhJjY5mFsPVIoH7J3xA0j+w=="],

    "@gramio/types": ["@gramio/types@9.4.0", "", {}, "sha512-yVxgrXBGj8AD78wXixC9UPXqF9KrzHw3uW1Rx1gaP6mA/RX2AnvbvK3eHfKYbY3ZB1DsxtkvD7o+MHCm+rvlaQ=="],

    "@types/bun": ["@types/bun@1.3.9", "", { "dependencies": { "bun-types": "1.3.9" } }, "sha512-KQ571yULOdWJiMH+RIWIOZ7B2RXQGpL1YQrBtLIV3FqDcCu6FsbFUBwhdKUlCKUpS3PJDsHlJ1QKlpxoVR+xtw=="],

    "@types/node": ["@types/node@25.2.3", "", { "dependencies": { "undici-types": "~7.16.0" } }, "sha512-m0jEgYlYz+mDJZ2+F4v8D1AyQb+QzsNqRuI7xg1VQX/KlKS0qT9r1Mo16yo5F/MtifXFgaofIFsdFMox2SxIbQ=="],

    "bun-types": ["bun-types@1.3.9", "", { "dependencies": { "@types/node": "*" } }, "sha512-+UBWWOakIP4Tswh0Bt0QD0alpTY8cb5hvgiYeWCMet9YukHbzuruIEeXC2D7nMJPB12kbh8C7XJykSexEqGKJg=="],

    "debug": ["debug@4.4.3", "", { "dependencies": { "ms": "^2.1.3" } }, "sha512-RGwwWnwQvkVfavKVt22FGLw+xYSdzARwm0ru6DhTVA3umU5hZc28V3kO4stgYryrTlLpuvgI9GiijltAjNbcqA=="],

    "dotenv": ["dotenv@17.2.4", "", {}, "sha512-mudtfb4zRB4bVvdj0xRo+e6duH1csJRM8IukBqfTRvHotn9+LBXB8ynAidP9zHqoRC/fsllXgk4kCKlR21fIhw=="],

    "gramio": ["gramio@0.4.13", "", { "dependencies": { "@gramio/callback-data": "^0.0.3", "@gramio/contexts": "^0.3.1", "@gramio/files": "^0.3.0", "@gramio/format": "^0.3.4", "@gramio/keyboards": "^1.3.0", "@gramio/types": "^9.4.0", "debug": "^4.4.3", "middleware-io": "^2.8.1" } }, "sha512-QnmKF4o4hwwS4JZlcpnXh7lBVSkB0iTVGOHDnyYnWy2kvAES8Hk22h71emfrENASx48pgalkg2NAYKbgrqaXoA=="],

    "inspectable": ["inspectable@3.0.2", "", {}, "sha512-XHygPjNXXe1TWQLlVdCYLejUklsGGo+XWS3Cn/RlkvnhkbZqcQxoXPrSh7Via5aATYJUMWVnrD5CbW2c+BtKMA=="],

    "middleware-io": ["middleware-io@2.8.1", "", {}, "sha512-H0XftkexHKxxQsoCsItMzM7WU3S/rIFzL3T4guU8tWLKr7e5cVkdaZ+JQeeL+TB3OaHpqFi/ozYqQl69z2X6bg=="],

    "ms": ["ms@2.1.3", "", {}, "sha512-6FlzubTLZG3J2a/NVCAleEhjzq5oxgHyaCU9yYXvcLsvoVaHJq/s5xXI6/XXP6tz7R9xAOtHnSO/tXtF3WRTlA=="],

    "typescript": ["typescript@5.9.3", "", { "bin": { "tsc": "bin/tsc", "tsserver": "bin/tsserver" } }, "sha512-jl1vZzPDinLr9eUt3J/t7V6FgNEw9QjvBPdysz9KfQDD41fQrC2Y4vKQdiaUpFT4bXlb1RHhLpp8wtm6M5TgSw=="],

    "undici-types": ["undici-types@7.16.0", "", {}, "sha512-Zz+aZWSj8LE6zoxD+xrjh4VfkIG8Ya6LvYkZqtUQGJPZjYl53ypCaUwWqo7eI0x66KBGeRo+mlBEkMSeSZ38Nw=="],
  }
}
